// !$*UTF8*$!
{
	archiveVersion = 1;
	classes = {
	};
	objectVersion = 56;
	objects = {

/* Begin PBXBuildFile section */
		40C7C8D92AD0155700906B5D /* MedleyChordsApp.swift in Sources */ = {isa = PBXBuildFile; fileRef = 40C7C8D82AD0155700906B5D /* MedleyChordsApp.swift */; };
		40C7C8DD2AD0155800906B5D /* Assets.xcassets in Resources */ = {isa = PBXBuildFile; fileRef = 40C7C8DC2AD0155800906B5D /* Assets.xcassets */; };
		40C7C8E02AD0155800906B5D /* Preview Assets.xcassets in Resources */ = {isa = PBXBuildFile; fileRef = 40C7C8DF2AD0155800906B5D /* Preview Assets.xcassets */; };
		40C7C8E92AD01A9600906B5D /* Medley.swift in Sources */ = {isa = PBXBuildFile; fileRef = 40C7C8E82AD01A9600906B5D /* Medley.swift */; };
		40C7C8EB2AD01ACA00906B5D /* MedleyData.swift in Sources */ = {isa = PBXBuildFile; fileRef = 40C7C8EA2AD01ACA00906B5D /* MedleyData.swift */; };
		40C7C8ED2AD01AED00906B5D /* EventDetail.swift in Sources */ = {isa = PBXBuildFile; fileRef = 40C7C8EC2AD01AED00906B5D /* EventDetail.swift */; };
		40C7C8EF2AD01B0400906B5D /* MedleyEditor.swift in Sources */ = {isa = PBXBuildFile; fileRef = 40C7C8EE2AD01B0400906B5D /* MedleyEditor.swift */; };
		40C7C8F12AD01B6700906B5D /* MedleyList.swift in Sources */ = {isa = PBXBuildFile; fileRef = 40C7C8F02AD01B6700906B5D /* MedleyList.swift */; };
		40C7C8F32AD01B9100906B5D /* MedleyRow.swift in Sources */ = {isa = PBXBuildFile; fileRef = 40C7C8F22AD01B9100906B5D /* MedleyRow.swift */; };
		40C7C8F52AD01BAC00906B5D /* EventSymbols.swift in Sources */ = {isa = PBXBuildFile; fileRef = 40C7C8F42AD01BAC00906B5D /* EventSymbols.swift */; };
		40C7C8F72AD01BE300906B5D /* Song.swift in Sources */ = {isa = PBXBuildFile; fileRef = 40C7C8F62AD01BE300906B5D /* Song.swift */; };
		40C7C8FF2AD1A13E00906B5D /* MedleyModel.swift in Sources */ = {isa = PBXBuildFile; fileRef = 40C7C8FE2AD1A13E00906B5D /* MedleyModel.swift */; };
		40C7C9012AD1A1E100906B5D /* MedleysListView.swift in Sources */ = {isa = PBXBuildFile; fileRef = 40C7C9002AD1A1E100906B5D /* MedleysListView.swift */; };
		40C7C9032AD1A24F00906B5D /* AddMedleyView.swift in Sources */ = {isa = PBXBuildFile; fileRef = 40C7C9022AD1A24F00906B5D /* AddMedleyView.swift */; };
/* End PBXBuildFile section */

/* Begin PBXFileReference section */
		40C7C8D52AD0155700906B5D /* MedleyChords.app */ = {isa = PBXFileReference; explicitFileType = wrapper.application; includeInIndex = 0; path = MedleyChords.app; sourceTree = BUILT_PRODUCTS_DIR; };
		40C7C8D82AD0155700906B5D /* MedleyChordsApp.swift */ = {isa = PBXFileReference; lastKnownFileType = sourcecode.swift; path = MedleyChordsApp.swift; sourceTree = "<group>"; };
		40C7C8DC2AD0155800906B5D /* Assets.xcassets */ = {isa = PBXFileReference; lastKnownFileType = folder.assetcatalog; path = Assets.xcassets; sourceTree = "<group>"; };
		40C7C8DF2AD0155800906B5D /* Preview Assets.xcassets */ = {isa = PBXFileReference; lastKnownFileType = folder.assetcatalog; path = "Preview Assets.xcassets"; sourceTree = "<group>"; };
		40C7C8E82AD01A9600906B5D /* Medley.swift */ = {isa = PBXFileReference; lastKnownFileType = sourcecode.swift; path = Medley.swift; sourceTree = "<group>"; };
		40C7C8EA2AD01ACA00906B5D /* MedleyData.swift */ = {isa = PBXFileReference; lastKnownFileType = sourcecode.swift; path = MedleyData.swift; sourceTree = "<group>"; };
		40C7C8EC2AD01AED00906B5D /* EventDetail.swift */ = {isa = PBXFileReference; lastKnownFileType = sourcecode.swift; path = EventDetail.swift; sourceTree = "<group>"; };
		40C7C8EE2AD01B0400906B5D /* MedleyEditor.swift */ = {isa = PBXFileReference; lastKnownFileType = sourcecode.swift; path = MedleyEditor.swift; sourceTree = "<group>"; };
		40C7C8F02AD01B6700906B5D /* MedleyList.swift */ = {isa = PBXFileReference; lastKnownFileType = sourcecode.swift; path = MedleyList.swift; sourceTree = "<group>"; };
		40C7C8F22AD01B9100906B5D /* MedleyRow.swift */ = {isa = PBXFileReference; lastKnownFileType = sourcecode.swift; path = MedleyRow.swift; sourceTree = "<group>"; };
		40C7C8F42AD01BAC00906B5D /* EventSymbols.swift */ = {isa = PBXFileReference; lastKnownFileType = sourcecode.swift; path = EventSymbols.swift; sourceTree = "<group>"; };
		40C7C8F62AD01BE300906B5D /* Song.swift */ = {isa = PBXFileReference; lastKnownFileType = sourcecode.swift; path = Song.swift; sourceTree = "<group>"; };
		40C7C8FE2AD1A13E00906B5D /* MedleyModel.swift */ = {isa = PBXFileReference; lastKnownFileType = sourcecode.swift; path = MedleyModel.swift; sourceTree = "<group>"; };
		40C7C9002AD1A1E100906B5D /* MedleysListView.swift */ = {isa = PBXFileReference; lastKnownFileType = sourcecode.swift; path = MedleysListView.swift; sourceTree = "<group>"; };
		40C7C9022AD1A24F00906B5D /* AddMedleyView.swift */ = {isa = PBXFileReference; lastKnownFileType = sourcecode.swift; path = AddMedleyView.swift; sourceTree = "<group>"; };
/* End PBXFileReference section */

/* Begin PBXFrameworksBuildPhase section */
		40C7C8D22AD0155700906B5D /* Frameworks */ = {
			isa = PBXFrameworksBuildPhase;
			buildActionMask = 2147483647;
			files = (
			);
			runOnlyForDeploymentPostprocessing = 0;
		};
/* End PBXFrameworksBuildPhase section */

/* Begin PBXGroup section */
		40C7C8CC2AD0155700906B5D = {
			isa = PBXGroup;
			children = (
				40C7C8D72AD0155700906B5D /* MedleyChords */,
				40C7C8D62AD0155700906B5D /* Products */,
			);
			sourceTree = "<group>";
		};
		40C7C8D62AD0155700906B5D /* Products */ = {
			isa = PBXGroup;
			children = (
				40C7C8D52AD0155700906B5D /* MedleyChords.app */,
			);
			name = Products;
			sourceTree = "<group>";
		};
		40C7C8D72AD0155700906B5D /* MedleyChords */ = {
			isa = PBXGroup;
			children = (
				40C7C8D82AD0155700906B5D /* MedleyChordsApp.swift */,
				40C7C8E82AD01A9600906B5D /* Medley.swift */,
				40C7C8EA2AD01ACA00906B5D /* MedleyData.swift */,
				40C7C8EC2AD01AED00906B5D /* EventDetail.swift */,
				40C7C8EE2AD01B0400906B5D /* MedleyEditor.swift */,
				40C7C8F02AD01B6700906B5D /* MedleyList.swift */,
				40C7C8F22AD01B9100906B5D /* MedleyRow.swift */,
				40C7C8F42AD01BAC00906B5D /* EventSymbols.swift */,
				40C7C8F62AD01BE300906B5D /* Song.swift */,
				40C7C8DC2AD0155800906B5D /* Assets.xcassets */,
				40C7C8DE2AD0155800906B5D /* Preview Content */,
				40C7C8FE2AD1A13E00906B5D /* MedleyModel.swift */,
				40C7C9002AD1A1E100906B5D /* MedleysListView.swift */,
				40C7C9022AD1A24F00906B5D /* AddMedleyView.swift */,
			);
			path = MedleyChords;
			sourceTree = "<group>";
		};
		40C7C8DE2AD0155800906B5D /* Preview Content */ = {
			isa = PBXGroup;
			children = (
				40C7C8DF2AD0155800906B5D /* Preview Assets.xcassets */,
			);
			path = "Preview Content";
			sourceTree = "<group>";
		};
/* End PBXGroup section */

/* Begin PBXNativeTarget section */
		40C7C8D42AD0155700906B5D /* MedleyChords */ = {
			isa = PBXNativeTarget;
			buildConfigurationList = 40C7C8E32AD0155800906B5D /* Build configuration list for PBXNativeTarget "MedleyChords" */;
			buildPhases = (
				40C7C8D12AD0155700906B5D /* Sources */,
				40C7C8D22AD0155700906B5D /* Frameworks */,
				40C7C8D32AD0155700906B5D /* Resources */,
			);
			buildRules = (
			);
			dependencies = (
			);
			name = MedleyChords;
			productName = MedleyChords;
			productReference = 40C7C8D52AD0155700906B5D /* MedleyChords.app */;
			productType = "com.apple.product-type.application";
		};
/* End PBXNativeTarget section */

/* Begin PBXProject section */
		40C7C8CD2AD0155700906B5D /* Project object */ = {
			isa = PBXProject;
			attributes = {
				BuildIndependentTargetsInParallel = 1;
				LastSwiftUpdateCheck = 1500;
				LastUpgradeCheck = 1500;
				TargetAttributes = {
					40C7C8D42AD0155700906B5D = {
						CreatedOnToolsVersion = 15.0;
					};
				};
			};
			buildConfigurationList = 40C7C8D02AD0155700906B5D /* Build configuration list for PBXProject "MedleyChords" */;
			compatibilityVersion = "Xcode 14.0";
			developmentRegion = en;
			hasScannedForEncodings = 0;
			knownRegions = (
				en,
				Base,
			);
			mainGroup = 40C7C8CC2AD0155700906B5D;
			productRefGroup = 40C7C8D62AD0155700906B5D /* Products */;
			projectDirPath = "";
			projectRoot = "";
			targets = (
				40C7C8D42AD0155700906B5D /* MedleyChords */,
			);
		};
/* End PBXProject section */

/* Begin PBXResourcesBuildPhase section */
		40C7C8D32AD0155700906B5D /* Resources */ = {
			isa = PBXResourcesBuildPhase;
			buildActionMask = 2147483647;
			files = (
				40C7C8E02AD0155800906B5D /* Preview Assets.xcassets in Resources */,
				40C7C8DD2AD0155800906B5D /* Assets.xcassets in Resources */,
			);
			runOnlyForDeploymentPostprocessing = 0;
		};
/* End PBXResourcesBuildPhase section */

/* Begin PBXSourcesBuildPhase section */
		40C7C8D12AD0155700906B5D /* Sources */ = {
			isa = PBXSourcesBuildPhase;
			buildActionMask = 2147483647;
			files = (
				40C7C8F12AD01B6700906B5D /* MedleyList.swift in Sources */,
				40C7C9012AD1A1E100906B5D /* MedleysListView.swift in Sources */,
				40C7C9032AD1A24F00906B5D /* AddMedleyView.swift in Sources */,
				40C7C8E92AD01A9600906B5D /* Medley.swift in Sources */,
				40C7C8EF2AD01B0400906B5D /* MedleyEditor.swift in Sources */,
				40C7C8F32AD01B9100906B5D /* MedleyRow.swift in Sources */,
				40C7C8EB2AD01ACA00906B5D /* MedleyData.swift in Sources */,
				40C7C8F52AD01BAC00906B5D /* EventSymbols.swift in Sources */,
				40C7C8D92AD0155700906B5D /* MedleyChordsApp.swift in Sources */,
				40C7C8F72AD01BE300906B5D /* Song.swift in Sources */,
				40C7C8FF2AD1A13E00906B5D /* MedleyModel.swift in Sources */,
				40C7C8ED2AD01AED00906B5D /* EventDetail.swift in Sources */,
			);
			runOnlyForDeploymentPostprocessing = 0;
		};
/* End PBXSourcesBuildPhase section */

/* Begin XCBuildConfiguration section */
		40C7C8E12AD0155800906B5D /* Debug */ = {
			isa = XCBuildConfiguration;
			buildSettings = {
				ALWAYS_SEARCH_USER_PATHS = NO;
				ASSETCATALOG_COMPILER_GENERATE_SWIFT_ASSET_SYMBOL_EXTENSIONS = YES;
				CLANG_ANALYZER_NONNULL = YES;
				CLANG_ANALYZER_NUMBER_OBJECT_CONVERSION = YES_AGGRESSIVE;
				CLANG_CXX_LANGUAGE_STANDARD = "gnu++20";
				CLANG_ENABLE_MODULES = YES;
				CLANG_ENABLE_OBJC_ARC = YES;
				CLANG_ENABLE_OBJC_WEAK = YES;
				CLANG_WARN_BLOCK_CAPTURE_AUTORELEASING = YES;
				CLANG_WARN_BOOL_CONVERSION = YES;
				CLANG_WARN_COMMA = YES;
				CLANG_WARN_CONSTANT_CONVERSION = YES;
				CLANG_WARN_DEPRECATED_OBJC_IMPLEMENTATIONS = YES;
				CLANG_WARN_DIRECT_OBJC_ISA_USAGE = YES_ERROR;
				CLANG_WARN_DOCUMENTATION_COMMENTS = YES;
				CLANG_WARN_EMPTY_BODY = YES;
				CLANG_WARN_ENUM_CONVERSION = YES;
				CLANG_WARN_INFINITE_RECURSION = YES;
				CLANG_WARN_INT_CONVERSION = YES;
				CLANG_WARN_NON_LITERAL_NULL_CONVERSION = YES;
				CLANG_WARN_OBJC_IMPLICIT_RETAIN_SELF = YES;
				CLANG_WARN_OBJC_LITERAL_CONVERSION = YES;
				CLANG_WARN_OBJC_ROOT_CLASS = YES_ERROR;
				CLANG_WARN_QUOTED_INCLUDE_IN_FRAMEWORK_HEADER = YES;
				CLANG_WARN_RANGE_LOOP_ANALYSIS = YES;
				CLANG_WARN_STRICT_PROTOTYPES = YES;
				CLANG_WARN_SUSPICIOUS_MOVE = YES;
				CLANG_WARN_UNGUARDED_AVAILABILITY = YES_AGGRESSIVE;
				CLANG_WARN_UNREACHABLE_CODE = YES;
				CLANG_WARN__DUPLICATE_METHOD_MATCH = YES;
				COPY_PHASE_STRIP = NO;
				DEBUG_INFORMATION_FORMAT = dwarf;
				ENABLE_STRICT_OBJC_MSGSEND = YES;
				ENABLE_TESTABILITY = YES;
				ENABLE_USER_SCRIPT_SANDBOXING = YES;
				GCC_C_LANGUAGE_STANDARD = gnu17;
				GCC_DYNAMIC_NO_PIC = NO;
				GCC_NO_COMMON_BLOCKS = YES;
				GCC_OPTIMIZATION_LEVEL = 0;
				GCC_PREPROCESSOR_DEFINITIONS = (
					"DEBUG=1",
					"$(inherited)",
				);
				GCC_WARN_64_TO_32_BIT_CONVERSION = YES;
				GCC_WARN_ABOUT_RETURN_TYPE = YES_ERROR;
				GCC_WARN_UNDECLARED_SELECTOR = YES;
				GCC_WARN_UNINITIALIZED_AUTOS = YES_AGGRESSIVE;
				GCC_WARN_UNUSED_FUNCTION = YES;
				GCC_WARN_UNUSED_VARIABLE = YES;
				IPHONEOS_DEPLOYMENT_TARGET = 17.0;
				LOCALIZATION_PREFERS_STRING_CATALOGS = YES;
				MTL_ENABLE_DEBUG_INFO = INCLUDE_SOURCE;
				MTL_FAST_MATH = YES;
				ONLY_ACTIVE_ARCH = YES;
				SDKROOT = iphoneos;
				SWIFT_ACTIVE_COMPILATION_CONDITIONS = "DEBUG $(inherited)";
				SWIFT_OPTIMIZATION_LEVEL = "-Onone";
			};
			name = Debug;
		};
		40C7C8E22AD0155800906B5D /* Release */ = {
			isa = XCBuildConfiguration;
			buildSettings = {
				ALWAYS_SEARCH_USER_PATHS = NO;
				ASSETCATALOG_COMPILER_GENERATE_SWIFT_ASSET_SYMBOL_EXTENSIONS = YES;
				CLANG_ANALYZER_NONNULL = YES;
				CLANG_ANALYZER_NUMBER_OBJECT_CONVERSION = YES_AGGRESSIVE;
				CLANG_CXX_LANGUAGE_STANDARD = "gnu++20";
				CLANG_ENABLE_MODULES = YES;
				CLANG_ENABLE_OBJC_ARC = YES;
				CLANG_ENABLE_OBJC_WEAK = YES;
				CLANG_WARN_BLOCK_CAPTURE_AUTORELEASING = YES;
				CLANG_WARN_BOOL_CONVERSION = YES;
				CLANG_WARN_COMMA = YES;
				CLANG_WARN_CONSTANT_CONVERSION = YES;
				CLANG_WARN_DEPRECATED_OBJC_IMPLEMENTATIONS = YES;
				CLANG_WARN_DIRECT_OBJC_ISA_USAGE = YES_ERROR;
				CLANG_WARN_DOCUMENTATION_COMMENTS = YES;
				CLANG_WARN_EMPTY_BODY = YES;
				CLANG_WARN_ENUM_CONVERSION = YES;
				CLANG_WARN_INFINITE_RECURSION = YES;
				CLANG_WARN_INT_CONVERSION = YES;
				CLANG_WARN_NON_LITERAL_NULL_CONVERSION = YES;
				CLANG_WARN_OBJC_IMPLICIT_RETAIN_SELF = YES;
				CLANG_WARN_OBJC_LITERAL_CONVERSION = YES;
				CLANG_WARN_OBJC_ROOT_CLASS = YES_ERROR;
				CLANG_WARN_QUOTED_INCLUDE_IN_FRAMEWORK_HEADER = YES;
				CLANG_WARN_RANGE_LOOP_ANALYSIS = YES;
				CLANG_WARN_STRICT_PROTOTYPES = YES;
				CLANG_WARN_SUSPICIOUS_MOVE = YES;
				CLANG_WARN_UNGUARDED_AVAILABILITY = YES_AGGRESSIVE;
				CLANG_WARN_UNREACHABLE_CODE = YES;
				CLANG_WARN__DUPLICATE_METHOD_MATCH = YES;
				COPY_PHASE_STRIP = NO;
				DEBUG_INFORMATION_FORMAT = "dwarf-with-dsym";
				ENABLE_NS_ASSERTIONS = NO;
				ENABLE_STRICT_OBJC_MSGSEND = YES;
				ENABLE_USER_SCRIPT_SANDBOXING = YES;
				GCC_C_LANGUAGE_STANDARD = gnu17;
				GCC_NO_COMMON_BLOCKS = YES;
				GCC_WARN_64_TO_32_BIT_CONVERSION = YES;
				GCC_WARN_ABOUT_RETURN_TYPE = YES_ERROR;
				GCC_WARN_UNDECLARED_SELECTOR = YES;
				GCC_WARN_UNINITIALIZED_AUTOS = YES_AGGRESSIVE;
				GCC_WARN_UNUSED_FUNCTION = YES;
				GCC_WARN_UNUSED_VARIABLE = YES;
				IPHONEOS_DEPLOYMENT_TARGET = 17.0;
				LOCALIZATION_PREFERS_STRING_CATALOGS = YES;
				MTL_ENABLE_DEBUG_INFO = NO;
				MTL_FAST_MATH = YES;
				SDKROOT = iphoneos;
				SWIFT_COMPILATION_MODE = wholemodule;
				VALIDATE_PRODUCT = YES;
			};
			name = Release;
		};
		40C7C8E42AD0155800906B5D /* Debug */ = {
			isa = XCBuildConfiguration;
			buildSettings = {
				ASSETCATALOG_COMPILER_APPICON_NAME = AppIcon;
				ASSETCATALOG_COMPILER_GLOBAL_ACCENT_COLOR_NAME = AccentColor;
				CODE_SIGN_STYLE = Automatic;
				CURRENT_PROJECT_VERSION = 1;
				DEVELOPMENT_ASSET_PATHS = "\"MedleyChords/Preview Content\"";
				ENABLE_PREVIEWS = YES;
				GENERATE_INFOPLIST_FILE = YES;
				INFOPLIST_KEY_UIApplicationSceneManifest_Generation = YES;
				INFOPLIST_KEY_UIApplicationSupportsIndirectInputEvents = YES;
				INFOPLIST_KEY_UILaunchScreen_Generation = YES;
				INFOPLIST_KEY_UISupportedInterfaceOrientations_iPad = "UIInterfaceOrientationPortrait UIInterfaceOrientationPortraitUpsideDown UIInterfaceOrientationLandscapeLeft UIInterfaceOrientationLandscapeRight";
				INFOPLIST_KEY_UISupportedInterfaceOrientations_iPhone = "UIInterfaceOrientationPortrait UIInterfaceOrientationLandscapeLeft UIInterfaceOrientationLandscapeRight";
				LD_RUNPATH_SEARCH_PATHS = (
					"$(inherited)",
					"@executable_path/Frameworks",
				);
				MARKETING_VERSION = 1.0;
				PRODUCT_BUNDLE_IDENTIFIER = com.timooo.MedleyChords.MedleyChords;
				PRODUCT_NAME = "$(TARGET_NAME)";
				SWIFT_EMIT_LOC_STRINGS = YES;
				SWIFT_VERSION = 5.0;
				TARGETED_DEVICE_FAMILY = "1,2";
			};
			name = Debug;
		};
		40C7C8E52AD0155800906B5D /* Release */ = {
			isa = XCBuildConfiguration;
			buildSettings = {
				ASSETCATALOG_COMPILER_APPICON_NAME = AppIcon;
				ASSETCATALOG_COMPILER_GLOBAL_ACCENT_COLOR_NAME = AccentColor;
				CODE_SIGN_STYLE = Automatic;
				CURRENT_PROJECT_VERSION = 1;
				DEVELOPMENT_ASSET_PATHS = "\"MedleyChords/Preview Content\"";
				ENABLE_PREVIEWS = YES;
				GENERATE_INFOPLIST_FILE = YES;
				INFOPLIST_KEY_UIApplicationSceneManifest_Generation = YES;
				INFOPLIST_KEY_UIApplicationSupportsIndirectInputEvents = YES;
				INFOPLIST_KEY_UILaunchScreen_Generation = YES;
				INFOPLIST_KEY_UISupportedInterfaceOrientations_iPad = "UIInterfaceOrientationPortrait UIInterfaceOrientationPortraitUpsideDown UIInterfaceOrientationLandscapeLeft UIInterfaceOrientationLandscapeRight";
				INFOPLIST_KEY_UISupportedInterfaceOrientations_iPhone = "UIInterfaceOrientationPortrait UIInterfaceOrientationLandscapeLeft UIInterfaceOrientationLandscapeRight";
				LD_RUNPATH_SEARCH_PATHS = (
					"$(inherited)",
					"@executable_path/Frameworks",
				);
				MARKETING_VERSION = 1.0;
				PRODUCT_BUNDLE_IDENTIFIER = com.timooo.MedleyChords.MedleyChords;
				PRODUCT_NAME = "$(TARGET_NAME)";
				SWIFT_EMIT_LOC_STRINGS = YES;
				SWIFT_VERSION = 5.0;
				TARGETED_DEVICE_FAMILY = "1,2";
			};
			name = Release;
		};
/* End XCBuildConfiguration section */

/* Begin XCConfigurationList section */
		40C7C8D02AD0155700906B5D /* Build configuration list for PBXProject "MedleyChords" */ = {
			isa = XCConfigurationList;
			buildConfigurations = (
				40C7C8E12AD0155800906B5D /* Debug */,
				40C7C8E22AD0155800906B5D /* Release */,
			);
			defaultConfigurationIsVisible = 0;
			defaultConfigurationName = Release;
		};
		40C7C8E32AD0155800906B5D /* Build configuration list for PBXNativeTarget "MedleyChords" */ = {
			isa = XCConfigurationList;
			buildConfigurations = (
				40C7C8E42AD0155800906B5D /* Debug */,
				40C7C8E52AD0155800906B5D /* Release */,
			);
			defaultConfigurationIsVisible = 0;
			defaultConfigurationName = Release;
		};
/* End XCConfigurationList section */
	};
	rootObject = 40C7C8CD2AD0155700906B5D /* Project object */;
}
